
Microsoft Visual Studio Solution File, Format Version 12.00
# Visual Studio Version 17
VisualStudioVersion = 17.9.34728.123
MinimumVisualStudioVersion = 10.0.40219.1
Project("{9A19103F-16F7-4668-BE54-9A1E7A4F7556}") = "ClubMembershipApp", "ClubMembershipApp\ClubMembershipApp.csproj", "{277643B7-39DC-4520-8850-E8E34206AC94}"
EndProject
Project("{FAE04EC0-301F-11D3-BF4B-00C04F79EFBC}") = "FieldValidationAPI", "FieldValidationAPI\FieldValidationAPI.csproj", "{1C73FFEB-4290-47FA-B46A-BDA062F69970}"
EndProject
Global
	GlobalSection(SolutionConfigurationPlatforms) = preSolution
		Debug|Any CPU = Debug|Any CPU
		Release|Any CPU = Release|Any CPU
	EndGlobalSection
	GlobalSection(ProjectConfigurationPlatforms) = postSolution
		{277643B7-39DC-4520-8850-E8E34206AC94}.Debug|Any CPU.ActiveCfg = Debug|Any CPU
		{277643B7-39DC-4520-8850-E8E34206AC94}.Debug|Any CPU.Build.0 = Debug|Any CPU
		{277643B7-39DC-4520-8850-E8E34206AC94}.Release|Any CPU.ActiveCfg = Release|Any CPU
		{277643B7-39DC-4520-8850-E8E34206AC94}.Release|Any CPU.Build.0 = Release|Any CPU
		{1C73FFEB-4290-47FA-B46A-BDA062F69970}.Debug|Any CPU.ActiveCfg = Debug|Any CPU
		{1C73FFEB-4290-47FA-B46A-BDA062F69970}.Debug|Any CPU.Build.0 = Debug|Any CPU
		{1C73FFEB-4290-47FA-B46A-BDA062F69970}.Release|Any CPU.ActiveCfg = Release|Any CPU
		{1C73FFEB-4290-47FA-B46A-BDA062F69970}.Release|Any CPU.Build.0 = Release|Any CPU
	EndGlobalSection
	GlobalSection(SolutionProperties) = preSolution
		HideSolutionNode = FALSE
	EndGlobalSection
	GlobalSection(ExtensibilityGlobals) = postSolution
		SolutionGuid = {6C4EF0F2-A32D-48ED-9B41-311B1F96A1BC}
	EndGlobalSection
EndGlobal
